# This file is automatically @generated by Cargo.
# It is not intended for manual editing.
[[package]]
name = "advent17"
version = "0.1.0"
dependencies = [
 "defaultmap",
]

[[package]]
name = "defaultmap"
version = "0.5.0"
source = "registry+https://github.com/rust-lang/crates.io-index"
checksum = "51c4d4fbd66561c3acff86b297b024826505a715eb1b0984a78013b349d0e834"
